
Microsoft Visual Studio Solution File, Format Version 12.00
# Visual Studio Version 16
VisualStudioVersion = 16.0.29418.71
MinimumVisualStudioVersion = 10.0.40219.1
Project("{FAE04EC0-301F-11D3-BF4B-00C04F79EFBC}") = "Text To Speech", "Text To Speech\Text To Speech.csproj", "{DF22BFC6-880A-40F8-8A4A-7F6E5E0AF5E3}"
EndProject
Global
	GlobalSection(SolutionConfigurationPlatforms) = preSolution
		Debug|Any CPU = Debug|Any CPU
		Release|Any CPU = Release|Any CPU
	EndGlobalSection
	GlobalSection(ProjectConfigurationPlatforms) = postSolution
		{DF22BFC6-880A-40F8-8A4A-7F6E5E0AF5E3}.Debug|Any CPU.ActiveCfg = Debug|Any CPU
		{DF22BFC6-880A-40F8-8A4A-7F6E5E0AF5E3}.Debug|Any CPU.Build.0 = Debug|Any CPU
		{DF22BFC6-880A-40F8-8A4A-7F6E5E0AF5E3}.Release|Any CPU.ActiveCfg = Release|Any CPU
		{DF22BFC6-880A-40F8-8A4A-7F6E5E0AF5E3}.Release|Any CPU.Build.0 = Release|Any CPU
	EndGlobalSection
	GlobalSection(SolutionProperties) = preSolution
		HideSolutionNode = FALSE
	EndGlobalSection
	GlobalSection(ExtensibilityGlobals) = postSolution
		SolutionGuid = {7B9675B0-4292-4959-9D02-6D1F9129D3F1}
	EndGlobalSection
EndGlobal
